
Microsoft Visual Studio Solution File, Format Version 12.00
# Visual Studio 2013
VisualStudioVersion = 12.0.30501.0
MinimumVisualStudioVersion = 10.0.40219.1
Project("{FAE04EC0-301F-11D3-BF4B-00C04F79EFBC}") = "SkyNET.Core", "SkyNET.Core\SkyNET.Core.csproj", "{0D03E7B9-401B-450B-9EA5-400335E3FA88}"
EndProject
Project("{FAE04EC0-301F-11D3-BF4B-00C04F79EFBC}") = "SkyNET.Runner.CMD", "SkyNET.Runner.CMD\SkyNET.Runner.CMD.csproj", "{6BAE5CD9-40EE-4D48-A866-25DE5000C9C2}"
EndProject
Project("{FAE04EC0-301F-11D3-BF4B-00C04F79EFBC}") = "SkyNET.Core.Tests", "SkyNET.Core.Tests\SkyNET.Core.Tests.csproj", "{0FF415C5-8F89-4460-9238-A93E221D1366}"
EndProject
Global
	GlobalSection(SolutionConfigurationPlatforms) = preSolution
		Debug|Any CPU = Debug|Any CPU
		Release|Any CPU = Release|Any CPU
	EndGlobalSection
	GlobalSection(ProjectConfigurationPlatforms) = postSolution
		{0D03E7B9-401B-450B-9EA5-400335E3FA88}.Debug|Any CPU.ActiveCfg = Debug|Any CPU
		{0D03E7B9-401B-450B-9EA5-400335E3FA88}.Debug|Any CPU.Build.0 = Debug|Any CPU
		{0D03E7B9-401B-450B-9EA5-400335E3FA88}.Release|Any CPU.ActiveCfg = Release|Any CPU
		{0D03E7B9-401B-450B-9EA5-400335E3FA88}.Release|Any CPU.Build.0 = Release|Any CPU
		{6BAE5CD9-40EE-4D48-A866-25DE5000C9C2}.Debug|Any CPU.ActiveCfg = Debug|Any CPU
		{6BAE5CD9-40EE-4D48-A866-25DE5000C9C2}.Debug|Any CPU.Build.0 = Debug|Any CPU
		{6BAE5CD9-40EE-4D48-A866-25DE5000C9C2}.Release|Any CPU.ActiveCfg = Release|Any CPU
		{6BAE5CD9-40EE-4D48-A866-25DE5000C9C2}.Release|Any CPU.Build.0 = Release|Any CPU
		{0FF415C5-8F89-4460-9238-A93E221D1366}.Debug|Any CPU.ActiveCfg = Debug|Any CPU
		{0FF415C5-8F89-4460-9238-A93E221D1366}.Debug|Any CPU.Build.0 = Debug|Any CPU
		{0FF415C5-8F89-4460-9238-A93E221D1366}.Release|Any CPU.ActiveCfg = Release|Any CPU
		{0FF415C5-8F89-4460-9238-A93E221D1366}.Release|Any CPU.Build.0 = Release|Any CPU
	EndGlobalSection
	GlobalSection(SolutionProperties) = preSolution
		HideSolutionNode = FALSE
	EndGlobalSection
EndGlobal
